
Microsoft Visual Studio Solution File, Format Version 12.00
# Visual Studio 14
VisualStudioVersion = 14.0.25420.1
MinimumVisualStudioVersion = 10.0.40219.1
Project("{FAE04EC0-301F-11D3-BF4B-00C04F79EFBC}") = "WSAPI", "WSAPI\WSAPI.csproj", "{FE597528-FC6D-4385-8967-039DE33CE12B}"
EndProject
Global
	GlobalSection(SolutionConfigurationPlatforms) = preSolution
		Debug|Any CPU = Debug|Any CPU
		Release|Any CPU = Release|Any CPU
	EndGlobalSection
	GlobalSection(ProjectConfigurationPlatforms) = postSolution
		{FE597528-FC6D-4385-8967-039DE33CE12B}.Debug|Any CPU.ActiveCfg = Debug|Any CPU
		{FE597528-FC6D-4385-8967-039DE33CE12B}.Debug|Any CPU.Build.0 = Debug|Any CPU
		{FE597528-FC6D-4385-8967-039DE33CE12B}.Release|Any CPU.ActiveCfg = Release|Any CPU
		{FE597528-FC6D-4385-8967-039DE33CE12B}.Release|Any CPU.Build.0 = Release|Any CPU
	EndGlobalSection
	GlobalSection(SolutionProperties) = preSolution
		HideSolutionNode = FALSE
	EndGlobalSection
	GlobalSection(TeamFoundationVersionControl) = preSolution
		SccNumberOfProjects = 1
		SccEnterpriseProvider = {4CA58AB2-18FA-4F8D-95D4-32DDF27D184C}
		SccTeamFoundationServer = http://tcuk-it.tclk.uk:8080/tfs/defaultcollection
		SccProjectUniqueName0 = WSAPI\\WSAPI.csproj
		SccProjectName0 = WSAPI
		SccAuxPath0 = http://tcuk-it.tclk.uk:8080/tfs/defaultcollection
		SccLocalPath0 = WSAPI
		SccProvider0 = {4CA58AB2-18FA-4F8D-95D4-32DDF27D184C}
	EndGlobalSection
EndGlobal
